// !$*UTF8*$!
{
	archiveVersion = 1;
	classes = {
	};
	objectVersion = 77;
	objects = {

/* Begin PBXBuildFile section */
		DDB8D4482CA561E30076B2AF /* Preview Assets.xcassets in Resources */ = {isa = PBXBuildFile; fileRef = DDB8D42A2CA561E30076B2AF /* Preview Assets.xcassets */; };
		DDB8D4492CA561E30076B2AF /* Assets.xcassets in Resources */ = {isa = PBXBuildFile; fileRef = DDB8D4372CA561E30076B2AF /* Assets.xcassets */; };
		DDB8D44A2CA561E30076B2AF /* AppColors.swift in Sources */ = {isa = PBXBuildFile; fileRef = DDB8D42C2CA561E30076B2AF /* AppColors.swift */; };
		DDB8D44B2CA561E30076B2AF /* AppFonts.swift in Sources */ = {isa = PBXBuildFile; fileRef = DDB8D42D2CA561E30076B2AF /* AppFonts.swift */; };
		DDB8D44C2CA561E30076B2AF /* CardListItemView.swift in Sources */ = {isa = PBXBuildFile; fileRef = DDB8D4302CA561E30076B2AF /* CardListItemView.swift */; };
		DDB8D44D2CA561E30076B2AF /* CardListView.swift in Sources */ = {isa = PBXBuildFile; fileRef = DDB8D4312CA561E30076B2AF /* CardListView.swift */; };
		DDB8D44E2CA561E30076B2AF /* DashboardView.swift in Sources */ = {isa = PBXBuildFile; fileRef = DDB8D4322CA561E30076B2AF /* DashboardView.swift */; };
		DDB8D44F2CA561E30076B2AF /* TransferView.swift in Sources */ = {isa = PBXBuildFile; fileRef = DDB8D4332CA561E30076B2AF /* TransferView.swift */; };
		DDB8D4502CA561E30076B2AF /* AlertMessage.swift in Sources */ = {isa = PBXBuildFile; fileRef = DDB8D4352CA561E30076B2AF /* AlertMessage.swift */; };
		DDB8D4512CA561E30076B2AF /* ASolutionSwiftUIApp.swift in Sources */ = {isa = PBXBuildFile; fileRef = DDB8D4362CA561E30076B2AF /* ASolutionSwiftUIApp.swift */; };
		DDB8D4522CA561E30076B2AF /* CardListItemViewModel.swift in Sources */ = {isa = PBXBuildFile; fileRef = DDB8D4382CA561E30076B2AF /* CardListItemViewModel.swift */; };
		DDB8D4532CA561E30076B2AF /* CardListViewModel.swift in Sources */ = {isa = PBXBuildFile; fileRef = DDB8D4392CA561E30076B2AF /* CardListViewModel.swift */; };
		DDB8D4542CA561E30076B2AF /* Customer.swift in Sources */ = {isa = PBXBuildFile; fileRef = DDB8D43A2CA561E30076B2AF /* Customer.swift */; };
		DDB8D4552CA561E30076B2AF /* CustomerHelper.swift in Sources */ = {isa = PBXBuildFile; fileRef = DDB8D43B2CA561E30076B2AF /* CustomerHelper.swift */; };
		DDB8D4562CA561E30076B2AF /* DashboardViewModel.swift in Sources */ = {isa = PBXBuildFile; fileRef = DDB8D43C2CA561E30076B2AF /* DashboardViewModel.swift */; };
		DDB8D4572CA561E30076B2AF /* Date+Ext.swift in Sources */ = {isa = PBXBuildFile; fileRef = DDB8D43D2CA561E30076B2AF /* Date+Ext.swift */; };
		DDB8D4582CA561E30076B2AF /* DatePickerField.swift in Sources */ = {isa = PBXBuildFile; fileRef = DDB8D43E2CA561E30076B2AF /* DatePickerField.swift */; };
		DDB8D4592CA561E30076B2AF /* DebitCard.swift in Sources */ = {isa = PBXBuildFile; fileRef = DDB8D43F2CA561E30076B2AF /* DebitCard.swift */; };
		DDB8D45A2CA561E30076B2AF /* DebitCardHelper.swift in Sources */ = {isa = PBXBuildFile; fileRef = DDB8D4402CA561E30076B2AF /* DebitCardHelper.swift */; };
		DDB8D45B2CA561E30076B2AF /* DeletionReason.swift in Sources */ = {isa = PBXBuildFile; fileRef = DDB8D4412CA561E30076B2AF /* DeletionReason.swift */; };
		DDB8D45C2CA561E30076B2AF /* LabelledTextField.swift in Sources */ = {isa = PBXBuildFile; fileRef = DDB8D4422CA561E30076B2AF /* LabelledTextField.swift */; };
		DDB8D45D2CA561E30076B2AF /* PhoneHelper.swift in Sources */ = {isa = PBXBuildFile; fileRef = DDB8D4432CA561E30076B2AF /* PhoneHelper.swift */; };
		DDB8D45E2CA561E30076B2AF /* PhoneNumberFormatter.swift in Sources */ = {isa = PBXBuildFile; fileRef = DDB8D4442CA561E30076B2AF /* PhoneNumberFormatter.swift */; };
		DDB8D45F2CA561E30076B2AF /* String+Ext.swift in Sources */ = {isa = PBXBuildFile; fileRef = DDB8D4452CA561E30076B2AF /* String+Ext.swift */; };
		DDB8D4602CA561E30076B2AF /* TransferViewModel.swift in Sources */ = {isa = PBXBuildFile; fileRef = DDB8D4462CA561E30076B2AF /* TransferViewModel.swift */; };
/* End PBXBuildFile section */

/* Begin PBXFileReference section */
		DDB8D3DB2CA54C400076B2AF /* ASolutionSwiftUI.app */ = {isa = PBXFileReference; explicitFileType = wrapper.application; includeInIndex = 0; path = ASolutionSwiftUI.app; sourceTree = BUILT_PRODUCTS_DIR; };
		DDB8D42A2CA561E30076B2AF /* Preview Assets.xcassets */ = {isa = PBXFileReference; lastKnownFileType = folder.assetcatalog; path = "Preview Assets.xcassets"; sourceTree = "<group>"; };
		DDB8D42C2CA561E30076B2AF /* AppColors.swift */ = {isa = PBXFileReference; lastKnownFileType = sourcecode.swift; path = AppColors.swift; sourceTree = "<group>"; };
		DDB8D42D2CA561E30076B2AF /* AppFonts.swift */ = {isa = PBXFileReference; lastKnownFileType = sourcecode.swift; path = AppFonts.swift; sourceTree = "<group>"; };
		DDB8D4302CA561E30076B2AF /* CardListItemView.swift */ = {isa = PBXFileReference; lastKnownFileType = sourcecode.swift; path = CardListItemView.swift; sourceTree = "<group>"; };
		DDB8D4312CA561E30076B2AF /* CardListView.swift */ = {isa = PBXFileReference; lastKnownFileType = sourcecode.swift; path = CardListView.swift; sourceTree = "<group>"; };
		DDB8D4322CA561E30076B2AF /* DashboardView.swift */ = {isa = PBXFileReference; lastKnownFileType = sourcecode.swift; path = DashboardView.swift; sourceTree = "<group>"; };
		DDB8D4332CA561E30076B2AF /* TransferView.swift */ = {isa = PBXFileReference; lastKnownFileType = sourcecode.swift; path = TransferView.swift; sourceTree = "<group>"; };
		DDB8D4352CA561E30076B2AF /* AlertMessage.swift */ = {isa = PBXFileReference; lastKnownFileType = sourcecode.swift; path = AlertMessage.swift; sourceTree = "<group>"; };
		DDB8D4362CA561E30076B2AF /* ASolutionSwiftUIApp.swift */ = {isa = PBXFileReference; lastKnownFileType = sourcecode.swift; path = ASolutionSwiftUIApp.swift; sourceTree = "<group>"; };
		DDB8D4372CA561E30076B2AF /* Assets.xcassets */ = {isa = PBXFileReference; lastKnownFileType = folder.assetcatalog; path = Assets.xcassets; sourceTree = "<group>"; };
		DDB8D4382CA561E30076B2AF /* CardListItemViewModel.swift */ = {isa = PBXFileReference; lastKnownFileType = sourcecode.swift; path = CardListItemViewModel.swift; sourceTree = "<group>"; };
		DDB8D4392CA561E30076B2AF /* CardListViewModel.swift */ = {isa = PBXFileReference; lastKnownFileType = sourcecode.swift; path = CardListViewModel.swift; sourceTree = "<group>"; };
		DDB8D43A2CA561E30076B2AF /* Customer.swift */ = {isa = PBXFileReference; lastKnownFileType = sourcecode.swift; path = Customer.swift; sourceTree = "<group>"; };
		DDB8D43B2CA561E30076B2AF /* CustomerHelper.swift */ = {isa = PBXFileReference; lastKnownFileType = sourcecode.swift; path = CustomerHelper.swift; sourceTree = "<group>"; };
		DDB8D43C2CA561E30076B2AF /* DashboardViewModel.swift */ = {isa = PBXFileReference; lastKnownFileType = sourcecode.swift; path = DashboardViewModel.swift; sourceTree = "<group>"; };
		DDB8D43D2CA561E30076B2AF /* Date+Ext.swift */ = {isa = PBXFileReference; lastKnownFileType = sourcecode.swift; path = "Date+Ext.swift"; sourceTree = "<group>"; };
		DDB8D43E2CA561E30076B2AF /* DatePickerField.swift */ = {isa = PBXFileReference; lastKnownFileType = sourcecode.swift; path = DatePickerField.swift; sourceTree = "<group>"; };
		DDB8D43F2CA561E30076B2AF /* DebitCard.swift */ = {isa = PBXFileReference; lastKnownFileType = sourcecode.swift; path = DebitCard.swift; sourceTree = "<group>"; };
		DDB8D4402CA561E30076B2AF /* DebitCardHelper.swift */ = {isa = PBXFileReference; lastKnownFileType = sourcecode.swift; path = DebitCardHelper.swift; sourceTree = "<group>"; };
		DDB8D4412CA561E30076B2AF /* DeletionReason.swift */ = {isa = PBXFileReference; lastKnownFileType = sourcecode.swift; path = DeletionReason.swift; sourceTree = "<group>"; };
		DDB8D4422CA561E30076B2AF /* LabelledTextField.swift */ = {isa = PBXFileReference; lastKnownFileType = sourcecode.swift; path = LabelledTextField.swift; sourceTree = "<group>"; };
		DDB8D4432CA561E30076B2AF /* PhoneHelper.swift */ = {isa = PBXFileReference; lastKnownFileType = sourcecode.swift; path = PhoneHelper.swift; sourceTree = "<group>"; };
		DDB8D4442CA561E30076B2AF /* PhoneNumberFormatter.swift */ = {isa = PBXFileReference; lastKnownFileType = sourcecode.swift; path = PhoneNumberFormatter.swift; sourceTree = "<group>"; };
		DDB8D4452CA561E30076B2AF /* String+Ext.swift */ = {isa = PBXFileReference; lastKnownFileType = sourcecode.swift; path = "String+Ext.swift"; sourceTree = "<group>"; };
		DDB8D4462CA561E30076B2AF /* TransferViewModel.swift */ = {isa = PBXFileReference; lastKnownFileType = sourcecode.swift; path = TransferViewModel.swift; sourceTree = "<group>"; };
/* End PBXFileReference section */

/* Begin PBXFrameworksBuildPhase section */
		DDB8D3D82CA54C400076B2AF /* Frameworks */ = {
			isa = PBXFrameworksBuildPhase;
			buildActionMask = 2147483647;
			files = (
			);
			runOnlyForDeploymentPostprocessing = 0;
		};
/* End PBXFrameworksBuildPhase section */

/* Begin PBXGroup section */
		DDB8D3D22CA54C400076B2AF = {
			isa = PBXGroup;
			children = (
				DDB8D4472CA561E30076B2AF /* ASolutionSwiftUI */,
				DDB8D3DC2CA54C400076B2AF /* Products */,
			);
			sourceTree = "<group>";
		};
		DDB8D3DC2CA54C400076B2AF /* Products */ = {
			isa = PBXGroup;
			children = (
				DDB8D3DB2CA54C400076B2AF /* ASolutionSwiftUI.app */,
			);
			name = Products;
			sourceTree = "<group>";
		};
		DDB8D4282CA561E30076B2AF /* Extensions */ = {
			isa = PBXGroup;
			children = (
				DDB8D43D2CA561E30076B2AF /* Date+Ext.swift */,
				DDB8D4452CA561E30076B2AF /* String+Ext.swift */,
			);
			path = Extensions;
			sourceTree = "<group>";
		};
		DDB8D4292CA561E30076B2AF /* Helpers */ = {
			isa = PBXGroup;
			children = (
				DDB8D43B2CA561E30076B2AF /* CustomerHelper.swift */,
				DDB8D43E2CA561E30076B2AF /* DatePickerField.swift */,
				DDB8D4402CA561E30076B2AF /* DebitCardHelper.swift */,
				DDB8D4422CA561E30076B2AF /* LabelledTextField.swift */,
				DDB8D4432CA561E30076B2AF /* PhoneHelper.swift */,
				DDB8D4442CA561E30076B2AF /* PhoneNumberFormatter.swift */,
			);
			path = Helpers;
			sourceTree = "<group>";
		};
		DDB8D42B2CA561E30076B2AF /* Preview Content */ = {
			isa = PBXGroup;
			children = (
				DDB8D42A2CA561E30076B2AF /* Preview Assets.xcassets */,
			);
			path = "Preview Content";
			sourceTree = "<group>";
		};
		DDB8D42E2CA561E30076B2AF /* Style */ = {
			isa = PBXGroup;
			children = (
				DDB8D42C2CA561E30076B2AF /* AppColors.swift */,
				DDB8D42D2CA561E30076B2AF /* AppFonts.swift */,
			);
			path = Style;
			sourceTree = "<group>";
		};
		DDB8D42F2CA561E30076B2AF /* ViewModels */ = {
			isa = PBXGroup;
			children = (
				DDB8D4382CA561E30076B2AF /* CardListItemViewModel.swift */,
				DDB8D4392CA561E30076B2AF /* CardListViewModel.swift */,
				DDB8D43C2CA561E30076B2AF /* DashboardViewModel.swift */,
				DDB8D4462CA561E30076B2AF /* TransferViewModel.swift */,
			);
			path = ViewModels;
			sourceTree = "<group>";
		};
		DDB8D4342CA561E30076B2AF /* Views */ = {
			isa = PBXGroup;
			children = (
				DDB8D4302CA561E30076B2AF /* CardListItemView.swift */,
				DDB8D4312CA561E30076B2AF /* CardListView.swift */,
				DDB8D4322CA561E30076B2AF /* DashboardView.swift */,
				DDB8D4332CA561E30076B2AF /* TransferView.swift */,
			);
			path = Views;
			sourceTree = "<group>";
		};
		DDB8D4472CA561E30076B2AF /* ASolutionSwiftUI */ = {
			isa = PBXGroup;
			children = (
				DDB8D4612CA561E60076B2AF /* Models */,
				DDB8D4282CA561E30076B2AF /* Extensions */,
				DDB8D4292CA561E30076B2AF /* Helpers */,
				DDB8D42B2CA561E30076B2AF /* Preview Content */,
				DDB8D42E2CA561E30076B2AF /* Style */,
				DDB8D42F2CA561E30076B2AF /* ViewModels */,
				DDB8D4342CA561E30076B2AF /* Views */,
				DDB8D4362CA561E30076B2AF /* ASolutionSwiftUIApp.swift */,
				DDB8D4372CA561E30076B2AF /* Assets.xcassets */,
			);
			path = ASolutionSwiftUI;
			sourceTree = "<group>";
		};
		DDB8D4612CA561E60076B2AF /* Models */ = {
			isa = PBXGroup;
			children = (
				DDB8D43A2CA561E30076B2AF /* Customer.swift */,
				DDB8D43F2CA561E30076B2AF /* DebitCard.swift */,
				DDB8D4412CA561E30076B2AF /* DeletionReason.swift */,
				DDB8D4352CA561E30076B2AF /* AlertMessage.swift */,
			);
			path = Models;
			sourceTree = "<group>";
		};
/* End PBXGroup section */

/* Begin PBXNativeTarget section */
		DDB8D3DA2CA54C400076B2AF /* ASolutionSwiftUI */ = {
			isa = PBXNativeTarget;
			buildConfigurationList = DDB8D3E92CA54C410076B2AF /* Build configuration list for PBXNativeTarget "ASolutionSwiftUI" */;
			buildPhases = (
				DDB8D3D72CA54C400076B2AF /* Sources */,
				DDB8D3D82CA54C400076B2AF /* Frameworks */,
				DDB8D3D92CA54C400076B2AF /* Resources */,
			);
			buildRules = (
			);
			dependencies = (
			);
			name = ASolutionSwiftUI;
			packageProductDependencies = (
			);
			productName = ASolutionSwiftUI;
			productReference = DDB8D3DB2CA54C400076B2AF /* ASolutionSwiftUI.app */;
			productType = "com.apple.product-type.application";
		};
/* End PBXNativeTarget section */

/* Begin PBXProject section */
		DDB8D3D32CA54C400076B2AF /* Project object */ = {
			isa = PBXProject;
			attributes = {
				BuildIndependentTargetsInParallel = 1;
				LastSwiftUpdateCheck = 1600;
				LastUpgradeCheck = 1600;
				TargetAttributes = {
					DDB8D3DA2CA54C400076B2AF = {
						CreatedOnToolsVersion = 16.0;
					};
				};
			};
			buildConfigurationList = DDB8D3D62CA54C400076B2AF /* Build configuration list for PBXProject "ASolutionSwiftUI" */;
			developmentRegion = en;
			hasScannedForEncodings = 0;
			knownRegions = (
				en,
				Base,
			);
			mainGroup = DDB8D3D22CA54C400076B2AF;
			minimizedProjectReferenceProxies = 1;
			preferredProjectObjectVersion = 77;
			productRefGroup = DDB8D3DC2CA54C400076B2AF /* Products */;
			projectDirPath = "";
			projectRoot = "";
			targets = (
				DDB8D3DA2CA54C400076B2AF /* ASolutionSwiftUI */,
			);
		};
/* End PBXProject section */

/* Begin PBXResourcesBuildPhase section */
		DDB8D3D92CA54C400076B2AF /* Resources */ = {
			isa = PBXResourcesBuildPhase;
			buildActionMask = 2147483647;
			files = (
				DDB8D4482CA561E30076B2AF /* Preview Assets.xcassets in Resources */,
				DDB8D4492CA561E30076B2AF /* Assets.xcassets in Resources */,
			);
			runOnlyForDeploymentPostprocessing = 0;
		};
/* End PBXResourcesBuildPhase section */

/* Begin PBXSourcesBuildPhase section */
		DDB8D3D72CA54C400076B2AF /* Sources */ = {
			isa = PBXSourcesBuildPhase;
			buildActionMask = 2147483647;
			files = (
				DDB8D44A2CA561E30076B2AF /* AppColors.swift in Sources */,
				DDB8D44B2CA561E30076B2AF /* AppFonts.swift in Sources */,
				DDB8D44C2CA561E30076B2AF /* CardListItemView.swift in Sources */,
				DDB8D44D2CA561E30076B2AF /* CardListView.swift in Sources */,
				DDB8D44E2CA561E30076B2AF /* DashboardView.swift in Sources */,
				DDB8D44F2CA561E30076B2AF /* TransferView.swift in Sources */,
				DDB8D4502CA561E30076B2AF /* AlertMessage.swift in Sources */,
				DDB8D4512CA561E30076B2AF /* ASolutionSwiftUIApp.swift in Sources */,
				DDB8D4522CA561E30076B2AF /* CardListItemViewModel.swift in Sources */,
				DDB8D4532CA561E30076B2AF /* CardListViewModel.swift in Sources */,
				DDB8D4542CA561E30076B2AF /* Customer.swift in Sources */,
				DDB8D4552CA561E30076B2AF /* CustomerHelper.swift in Sources */,
				DDB8D4562CA561E30076B2AF /* DashboardViewModel.swift in Sources */,
				DDB8D4572CA561E30076B2AF /* Date+Ext.swift in Sources */,
				DDB8D4582CA561E30076B2AF /* DatePickerField.swift in Sources */,
				DDB8D4592CA561E30076B2AF /* DebitCard.swift in Sources */,
				DDB8D45A2CA561E30076B2AF /* DebitCardHelper.swift in Sources */,
				DDB8D45B2CA561E30076B2AF /* DeletionReason.swift in Sources */,
				DDB8D45C2CA561E30076B2AF /* LabelledTextField.swift in Sources */,
				DDB8D45D2CA561E30076B2AF /* PhoneHelper.swift in Sources */,
				DDB8D45E2CA561E30076B2AF /* PhoneNumberFormatter.swift in Sources */,
				DDB8D45F2CA561E30076B2AF /* String+Ext.swift in Sources */,
				DDB8D4602CA561E30076B2AF /* TransferViewModel.swift in Sources */,
			);
			runOnlyForDeploymentPostprocessing = 0;
		};
/* End PBXSourcesBuildPhase section */

/* Begin XCBuildConfiguration section */
		DDB8D3E72CA54C410076B2AF /* Debug */ = {
			isa = XCBuildConfiguration;
			buildSettings = {
				ALWAYS_SEARCH_USER_PATHS = NO;
				ASSETCATALOG_COMPILER_GENERATE_SWIFT_ASSET_SYMBOL_EXTENSIONS = YES;
				CLANG_ANALYZER_NONNULL = YES;
				CLANG_ANALYZER_NUMBER_OBJECT_CONVERSION = YES_AGGRESSIVE;
				CLANG_CXX_LANGUAGE_STANDARD = "gnu++20";
				CLANG_ENABLE_MODULES = YES;
				CLANG_ENABLE_OBJC_ARC = YES;
				CLANG_ENABLE_OBJC_WEAK = YES;
				CLANG_WARN_BLOCK_CAPTURE_AUTORELEASING = YES;
				CLANG_WARN_BOOL_CONVERSION = YES;
				CLANG_WARN_COMMA = YES;
				CLANG_WARN_CONSTANT_CONVERSION = YES;
				CLANG_WARN_DEPRECATED_OBJC_IMPLEMENTATIONS = YES;
				CLANG_WARN_DIRECT_OBJC_ISA_USAGE = YES_ERROR;
				CLANG_WARN_DOCUMENTATION_COMMENTS = YES;
				CLANG_WARN_EMPTY_BODY = YES;
				CLANG_WARN_ENUM_CONVERSION = YES;
				CLANG_WARN_INFINITE_RECURSION = YES;
				CLANG_WARN_INT_CONVERSION = YES;
				CLANG_WARN_NON_LITERAL_NULL_CONVERSION = YES;
				CLANG_WARN_OBJC_IMPLICIT_RETAIN_SELF = YES;
				CLANG_WARN_OBJC_LITERAL_CONVERSION = YES;
				CLANG_WARN_OBJC_ROOT_CLASS = YES_ERROR;
				CLANG_WARN_QUOTED_INCLUDE_IN_FRAMEWORK_HEADER = YES;
				CLANG_WARN_RANGE_LOOP_ANALYSIS = YES;
				CLANG_WARN_STRICT_PROTOTYPES = YES;
				CLANG_WARN_SUSPICIOUS_MOVE = YES;
				CLANG_WARN_UNGUARDED_AVAILABILITY = YES_AGGRESSIVE;
				CLANG_WARN_UNREACHABLE_CODE = YES;
				CLANG_WARN__DUPLICATE_METHOD_MATCH = YES;
				COPY_PHASE_STRIP = NO;
				DEBUG_INFORMATION_FORMAT = dwarf;
				ENABLE_STRICT_OBJC_MSGSEND = YES;
				ENABLE_TESTABILITY = YES;
				ENABLE_USER_SCRIPT_SANDBOXING = YES;
				GCC_C_LANGUAGE_STANDARD = gnu17;
				GCC_DYNAMIC_NO_PIC = NO;
				GCC_NO_COMMON_BLOCKS = YES;
				GCC_OPTIMIZATION_LEVEL = 0;
				GCC_PREPROCESSOR_DEFINITIONS = (
					"DEBUG=1",
					"$(inherited)",
				);
				GCC_WARN_64_TO_32_BIT_CONVERSION = YES;
				GCC_WARN_ABOUT_RETURN_TYPE = YES_ERROR;
				GCC_WARN_UNDECLARED_SELECTOR = YES;
				GCC_WARN_UNINITIALIZED_AUTOS = YES_AGGRESSIVE;
				GCC_WARN_UNUSED_FUNCTION = YES;
				GCC_WARN_UNUSED_VARIABLE = YES;
				IPHONEOS_DEPLOYMENT_TARGET = 18.0;
				LOCALIZATION_PREFERS_STRING_CATALOGS = YES;
				MTL_ENABLE_DEBUG_INFO = INCLUDE_SOURCE;
				MTL_FAST_MATH = YES;
				ONLY_ACTIVE_ARCH = YES;
				SDKROOT = iphoneos;
				SWIFT_ACTIVE_COMPILATION_CONDITIONS = "DEBUG $(inherited)";
				SWIFT_OPTIMIZATION_LEVEL = "-Onone";
			};
			name = Debug;
		};
		DDB8D3E82CA54C410076B2AF /* Release */ = {
			isa = XCBuildConfiguration;
			buildSettings = {
				ALWAYS_SEARCH_USER_PATHS = NO;
				ASSETCATALOG_COMPILER_GENERATE_SWIFT_ASSET_SYMBOL_EXTENSIONS = YES;
				CLANG_ANALYZER_NONNULL = YES;
				CLANG_ANALYZER_NUMBER_OBJECT_CONVERSION = YES_AGGRESSIVE;
				CLANG_CXX_LANGUAGE_STANDARD = "gnu++20";
				CLANG_ENABLE_MODULES = YES;
				CLANG_ENABLE_OBJC_ARC = YES;
				CLANG_ENABLE_OBJC_WEAK = YES;
				CLANG_WARN_BLOCK_CAPTURE_AUTORELEASING = YES;
				CLANG_WARN_BOOL_CONVERSION = YES;
				CLANG_WARN_COMMA = YES;
				CLANG_WARN_CONSTANT_CONVERSION = YES;
				CLANG_WARN_DEPRECATED_OBJC_IMPLEMENTATIONS = YES;
				CLANG_WARN_DIRECT_OBJC_ISA_USAGE = YES_ERROR;
				CLANG_WARN_DOCUMENTATION_COMMENTS = YES;
				CLANG_WARN_EMPTY_BODY = YES;
				CLANG_WARN_ENUM_CONVERSION = YES;
				CLANG_WARN_INFINITE_RECURSION = YES;
				CLANG_WARN_INT_CONVERSION = YES;
				CLANG_WARN_NON_LITERAL_NULL_CONVERSION = YES;
				CLANG_WARN_OBJC_IMPLICIT_RETAIN_SELF = YES;
				CLANG_WARN_OBJC_LITERAL_CONVERSION = YES;
				CLANG_WARN_OBJC_ROOT_CLASS = YES_ERROR;
				CLANG_WARN_QUOTED_INCLUDE_IN_FRAMEWORK_HEADER = YES;
				CLANG_WARN_RANGE_LOOP_ANALYSIS = YES;
				CLANG_WARN_STRICT_PROTOTYPES = YES;
				CLANG_WARN_SUSPICIOUS_MOVE = YES;
				CLANG_WARN_UNGUARDED_AVAILABILITY = YES_AGGRESSIVE;
				CLANG_WARN_UNREACHABLE_CODE = YES;
				CLANG_WARN__DUPLICATE_METHOD_MATCH = YES;
				COPY_PHASE_STRIP = NO;
				DEBUG_INFORMATION_FORMAT = "dwarf-with-dsym";
				ENABLE_NS_ASSERTIONS = NO;
				ENABLE_STRICT_OBJC_MSGSEND = YES;
				ENABLE_USER_SCRIPT_SANDBOXING = YES;
				GCC_C_LANGUAGE_STANDARD = gnu17;
				GCC_NO_COMMON_BLOCKS = YES;
				GCC_WARN_64_TO_32_BIT_CONVERSION = YES;
				GCC_WARN_ABOUT_RETURN_TYPE = YES_ERROR;
				GCC_WARN_UNDECLARED_SELECTOR = YES;
				GCC_WARN_UNINITIALIZED_AUTOS = YES_AGGRESSIVE;
				GCC_WARN_UNUSED_FUNCTION = YES;
				GCC_WARN_UNUSED_VARIABLE = YES;
				IPHONEOS_DEPLOYMENT_TARGET = 18.0;
				LOCALIZATION_PREFERS_STRING_CATALOGS = YES;
				MTL_ENABLE_DEBUG_INFO = NO;
				MTL_FAST_MATH = YES;
				SDKROOT = iphoneos;
				SWIFT_COMPILATION_MODE = wholemodule;
				VALIDATE_PRODUCT = YES;
			};
			name = Release;
		};
		DDB8D3EA2CA54C410076B2AF /* Debug */ = {
			isa = XCBuildConfiguration;
			buildSettings = {
				ASSETCATALOG_COMPILER_APPICON_NAME = AppIcon;
				ASSETCATALOG_COMPILER_GLOBAL_ACCENT_COLOR_NAME = AccentColor;
				CODE_SIGN_STYLE = Automatic;
				CURRENT_PROJECT_VERSION = 1;
				DEVELOPMENT_ASSET_PATHS = "\"ASolutionSwiftUI/Preview Content\"";
				DEVELOPMENT_TEAM = S234PGG5UC;
				ENABLE_PREVIEWS = YES;
				GENERATE_INFOPLIST_FILE = YES;
				INFOPLIST_KEY_UIApplicationSceneManifest_Generation = YES;
				INFOPLIST_KEY_UIApplicationSupportsIndirectInputEvents = YES;
				INFOPLIST_KEY_UILaunchScreen_Generation = YES;
				INFOPLIST_KEY_UISupportedInterfaceOrientations_iPad = "UIInterfaceOrientationPortrait UIInterfaceOrientationPortraitUpsideDown UIInterfaceOrientationLandscapeLeft UIInterfaceOrientationLandscapeRight";
				INFOPLIST_KEY_UISupportedInterfaceOrientations_iPhone = "UIInterfaceOrientationPortrait UIInterfaceOrientationLandscapeLeft UIInterfaceOrientationLandscapeRight";
				LD_RUNPATH_SEARCH_PATHS = (
					"$(inherited)",
					"@executable_path/Frameworks",
				);
				MARKETING_VERSION = 1.0;
				PRODUCT_BUNDLE_IDENTIFIER = com.faridrzayev.ASolutionSwiftUI;
				PRODUCT_NAME = "$(TARGET_NAME)";
				SWIFT_EMIT_LOC_STRINGS = YES;
				SWIFT_VERSION = 5.0;
				TARGETED_DEVICE_FAMILY = "1,2";
			};
			name = Debug;
		};
		DDB8D3EB2CA54C410076B2AF /* Release */ = {
			isa = XCBuildConfiguration;
			buildSettings = {
				ASSETCATALOG_COMPILER_APPICON_NAME = AppIcon;
				ASSETCATALOG_COMPILER_GLOBAL_ACCENT_COLOR_NAME = AccentColor;
				CODE_SIGN_STYLE = Automatic;
				CURRENT_PROJECT_VERSION = 1;
				DEVELOPMENT_ASSET_PATHS = "\"ASolutionSwiftUI/Preview Content\"";
				DEVELOPMENT_TEAM = S234PGG5UC;
				ENABLE_PREVIEWS = YES;
				GENERATE_INFOPLIST_FILE = YES;
				INFOPLIST_KEY_UIApplicationSceneManifest_Generation = YES;
				INFOPLIST_KEY_UIApplicationSupportsIndirectInputEvents = YES;
				INFOPLIST_KEY_UILaunchScreen_Generation = YES;
				INFOPLIST_KEY_UISupportedInterfaceOrientations_iPad = "UIInterfaceOrientationPortrait UIInterfaceOrientationPortraitUpsideDown UIInterfaceOrientationLandscapeLeft UIInterfaceOrientationLandscapeRight";
				INFOPLIST_KEY_UISupportedInterfaceOrientations_iPhone = "UIInterfaceOrientationPortrait UIInterfaceOrientationLandscapeLeft UIInterfaceOrientationLandscapeRight";
				LD_RUNPATH_SEARCH_PATHS = (
					"$(inherited)",
					"@executable_path/Frameworks",
				);
				MARKETING_VERSION = 1.0;
				PRODUCT_BUNDLE_IDENTIFIER = com.faridrzayev.ASolutionSwiftUI;
				PRODUCT_NAME = "$(TARGET_NAME)";
				SWIFT_EMIT_LOC_STRINGS = YES;
				SWIFT_VERSION = 5.0;
				TARGETED_DEVICE_FAMILY = "1,2";
			};
			name = Release;
		};
/* End XCBuildConfiguration section */

/* Begin XCConfigurationList section */
		DDB8D3D62CA54C400076B2AF /* Build configuration list for PBXProject "ASolutionSwiftUI" */ = {
			isa = XCConfigurationList;
			buildConfigurations = (
				DDB8D3E72CA54C410076B2AF /* Debug */,
				DDB8D3E82CA54C410076B2AF /* Release */,
			);
			defaultConfigurationIsVisible = 0;
			defaultConfigurationName = Release;
		};
		DDB8D3E92CA54C410076B2AF /* Build configuration list for PBXNativeTarget "ASolutionSwiftUI" */ = {
			isa = XCConfigurationList;
			buildConfigurations = (
				DDB8D3EA2CA54C410076B2AF /* Debug */,
				DDB8D3EB2CA54C410076B2AF /* Release */,
			);
			defaultConfigurationIsVisible = 0;
			defaultConfigurationName = Release;
		};
/* End XCConfigurationList section */
	};
	rootObject = DDB8D3D32CA54C400076B2AF /* Project object */;
}
